{
    "_readme": [
        "This file locks the dependencies of your project to a known state",
        "Read more about it at http://getcomposer.org/doc/01-basic-usage.md#composer-lock-the-lock-file",
        "This file is @generated automatically"
    ],
    "hash": "4841296883ff376e6d3ff913a66ec27f",
    "packages": [
        {
            "name": "brunodebarros/http-request",
            "version": "1.0.2",
            "source": {
                "type": "git",
                "url": "https://github.com/BrunoDeBarros/HTTP-Request.git",
                "reference": "b13369cde9dbd25691831c3769f774552537dbeb"
            },
            "dist": {
                "type": "zip",
                "url": "https://api.github.com/repos/BrunoDeBarros/HTTP-Request/zipball/b13369cde9dbd25691831c3769f774552537dbeb",
                "reference": "b13369cde9dbd25691831c3769f774552537dbeb",
                "shasum": ""
            },
            "require": {
                "php": ">=5.2.4"
            },
            "type": "library",
            "autoload": {
                "psr-0": {
                    "HTTP": "src/"
                }
            },
            "notification-url": "https://packagist.org/downloads/",
            "license": [
                "MIT"
            ],
            "authors": [
                {
                    "name": "Bruno De Barros",
                    "email": "bruno@terraduo.com"
                }
            ],
            "description": "A web crawler, built to be easily dropped into PHP applications, which behaves just like a regular web browser, interpreting location redirects and storing cookies automatically.",
            "homepage": "https://github.com/BrunoDeBarros/HTTP-Request",
            "keywords": [
                "crawler",
                "http"
            ],
            "time": "2015-04-06 15:58:59"
        }
    ],
    "packages-dev": [],
    "aliases": [],
    "minimum-stability": "stable",
    "stability-flags": [],
    "prefer-stable": false,
    "prefer-lowest": false,
    "platform": {
        "php": ">=5.3.0"
    },
    "platform-dev": []
}
